
Microsoft Visual Studio Solution File, Format Version 12.00
# Visual Studio Version 16
VisualStudioVersion = 16.0.31313.79
MinimumVisualStudioVersion = 10.0.40219.1
Project("{9A19103F-16F7-4668-BE54-9A1E7A4F7556}") = "CabBookingApp.MVC", "CapBookingApp.MVC\CabBookingApp.MVC.csproj", "{E0A0D998-E209-4067-B157-B0D793372D41}"
EndProject
Project("{9A19103F-16F7-4668-BE54-9A1E7A4F7556}") = "CabBookingApp.API", "CapBookingApp.API\CabBookingApp.API.csproj", "{920A8DB3-76F9-4169-8E93-BF94579F35E8}"
EndProject
Project("{9A19103F-16F7-4668-BE54-9A1E7A4F7556}") = "ApplicationCore", "ApplicationCore\ApplicationCore.csproj", "{7CD7C6EC-77C9-4770-8A51-49F2A248513A}"
EndProject
Project("{9A19103F-16F7-4668-BE54-9A1E7A4F7556}") = "Infrastructure", "Infrastructure\Infrastructure.csproj", "{8E10C90B-4A83-423E-9998-AAE8B5B8DEF2}"
EndProject
Global
	GlobalSection(SolutionConfigurationPlatforms) = preSolution
		Debug|Any CPU = Debug|Any CPU
		Release|Any CPU = Release|Any CPU
	EndGlobalSection
	GlobalSection(ProjectConfigurationPlatforms) = postSolution
		{E0A0D998-E209-4067-B157-B0D793372D41}.Debug|Any CPU.ActiveCfg = Debug|Any CPU
		{E0A0D998-E209-4067-B157-B0D793372D41}.Debug|Any CPU.Build.0 = Debug|Any CPU
		{E0A0D998-E209-4067-B157-B0D793372D41}.Release|Any CPU.ActiveCfg = Release|Any CPU
		{E0A0D998-E209-4067-B157-B0D793372D41}.Release|Any CPU.Build.0 = Release|Any CPU
		{920A8DB3-76F9-4169-8E93-BF94579F35E8}.Debug|Any CPU.ActiveCfg = Debug|Any CPU
		{920A8DB3-76F9-4169-8E93-BF94579F35E8}.Debug|Any CPU.Build.0 = Debug|Any CPU
		{920A8DB3-76F9-4169-8E93-BF94579F35E8}.Release|Any CPU.ActiveCfg = Release|Any CPU
		{920A8DB3-76F9-4169-8E93-BF94579F35E8}.Release|Any CPU.Build.0 = Release|Any CPU
		{7CD7C6EC-77C9-4770-8A51-49F2A248513A}.Debug|Any CPU.ActiveCfg = Debug|Any CPU
		{7CD7C6EC-77C9-4770-8A51-49F2A248513A}.Debug|Any CPU.Build.0 = Debug|Any CPU
		{7CD7C6EC-77C9-4770-8A51-49F2A248513A}.Release|Any CPU.ActiveCfg = Release|Any CPU
		{7CD7C6EC-77C9-4770-8A51-49F2A248513A}.Release|Any CPU.Build.0 = Release|Any CPU
		{8E10C90B-4A83-423E-9998-AAE8B5B8DEF2}.Debug|Any CPU.ActiveCfg = Debug|Any CPU
		{8E10C90B-4A83-423E-9998-AAE8B5B8DEF2}.Debug|Any CPU.Build.0 = Debug|Any CPU
		{8E10C90B-4A83-423E-9998-AAE8B5B8DEF2}.Release|Any CPU.ActiveCfg = Release|Any CPU
		{8E10C90B-4A83-423E-9998-AAE8B5B8DEF2}.Release|Any CPU.Build.0 = Release|Any CPU
	EndGlobalSection
	GlobalSection(SolutionProperties) = preSolution
		HideSolutionNode = FALSE
	EndGlobalSection
	GlobalSection(ExtensibilityGlobals) = postSolution
		SolutionGuid = {FE9F1290-F7AA-421C-B522-A58F506B2EB0}
	EndGlobalSection
EndGlobal
